
Microsoft Visual Studio Solution File, Format Version 12.00
# Visual Studio 15
VisualStudioVersion = 15.0.27130.2027
MinimumVisualStudioVersion = 10.0.40219.1
Project("{FAE04EC0-301F-11D3-BF4B-00C04F79EFBC}") = "CodedUITestApplication.Web", "CodedUITestApplication.Web\CodedUITestApplication.Web.csproj", "{551D69F3-8D7F-4A93-BDFA-4EA93667A76C}"
EndProject
Project("{FAE04EC0-301F-11D3-BF4B-00C04F79EFBC}") = "CodedUITestApplication.Shared", "CodedUITestApplication.Shared\CodedUITestApplication.Shared.csproj", "{12B0D867-3EC8-409D-87A3-D735D7EE1216}"
EndProject
Project("{2150E333-8FDC-42A3-9474-1A3956D46DE8}") = "SampleApplication", "SampleApplication", "{5D6BAB75-68F5-40BF-BBB0-5ADE29FA49C1}"
EndProject
Project("{2150E333-8FDC-42A3-9474-1A3956D46DE8}") = "Solution Items", "Solution Items", "{35466F8F-9F2C-49B1-9373-B8A5DA7550F0}"
	ProjectSection(SolutionItems) = preProject
		README.md = README.md
		TestSettings.testsettings = TestSettings.testsettings
	EndProjectSection
EndProject
Project("{FAE04EC0-301F-11D3-BF4B-00C04F79EFBC}") = "CodedUITestTestApplication.Tests", "CodedUITestTestApplication.Tests\CodedUITestTestApplication.Tests.csproj", "{C8C7501B-5BE9-4986-BA41-408DEDC2C51E}"
EndProject
Project("{FAE04EC0-301F-11D3-BF4B-00C04F79EFBC}") = "CodedUITestApplication.WPF", "CodedUITestApplication.WPF\CodedUITestApplication.WPF.csproj", "{8754FF6D-729A-4959-9EE8-997485AC7E21}"
EndProject
Global
	GlobalSection(SolutionConfigurationPlatforms) = preSolution
		Debug|Any CPU = Debug|Any CPU
		Release|Any CPU = Release|Any CPU
	EndGlobalSection
	GlobalSection(ProjectConfigurationPlatforms) = postSolution
		{551D69F3-8D7F-4A93-BDFA-4EA93667A76C}.Debug|Any CPU.ActiveCfg = Debug|Any CPU
		{551D69F3-8D7F-4A93-BDFA-4EA93667A76C}.Debug|Any CPU.Build.0 = Debug|Any CPU
		{551D69F3-8D7F-4A93-BDFA-4EA93667A76C}.Release|Any CPU.ActiveCfg = Release|Any CPU
		{551D69F3-8D7F-4A93-BDFA-4EA93667A76C}.Release|Any CPU.Build.0 = Release|Any CPU
		{12B0D867-3EC8-409D-87A3-D735D7EE1216}.Debug|Any CPU.ActiveCfg = Debug|Any CPU
		{12B0D867-3EC8-409D-87A3-D735D7EE1216}.Debug|Any CPU.Build.0 = Debug|Any CPU
		{12B0D867-3EC8-409D-87A3-D735D7EE1216}.Release|Any CPU.ActiveCfg = Release|Any CPU
		{12B0D867-3EC8-409D-87A3-D735D7EE1216}.Release|Any CPU.Build.0 = Release|Any CPU
		{C8C7501B-5BE9-4986-BA41-408DEDC2C51E}.Debug|Any CPU.ActiveCfg = Debug|Any CPU
		{C8C7501B-5BE9-4986-BA41-408DEDC2C51E}.Debug|Any CPU.Build.0 = Debug|Any CPU
		{C8C7501B-5BE9-4986-BA41-408DEDC2C51E}.Release|Any CPU.ActiveCfg = Release|Any CPU
		{C8C7501B-5BE9-4986-BA41-408DEDC2C51E}.Release|Any CPU.Build.0 = Release|Any CPU
		{8754FF6D-729A-4959-9EE8-997485AC7E21}.Debug|Any CPU.ActiveCfg = Debug|Any CPU
		{8754FF6D-729A-4959-9EE8-997485AC7E21}.Debug|Any CPU.Build.0 = Debug|Any CPU
		{8754FF6D-729A-4959-9EE8-997485AC7E21}.Release|Any CPU.ActiveCfg = Release|Any CPU
		{8754FF6D-729A-4959-9EE8-997485AC7E21}.Release|Any CPU.Build.0 = Release|Any CPU
	EndGlobalSection
	GlobalSection(SolutionProperties) = preSolution
		HideSolutionNode = FALSE
	EndGlobalSection
	GlobalSection(NestedProjects) = preSolution
		{551D69F3-8D7F-4A93-BDFA-4EA93667A76C} = {5D6BAB75-68F5-40BF-BBB0-5ADE29FA49C1}
		{12B0D867-3EC8-409D-87A3-D735D7EE1216} = {5D6BAB75-68F5-40BF-BBB0-5ADE29FA49C1}
		{8754FF6D-729A-4959-9EE8-997485AC7E21} = {5D6BAB75-68F5-40BF-BBB0-5ADE29FA49C1}
	EndGlobalSection
	GlobalSection(ExtensibilityGlobals) = postSolution
		SolutionGuid = {4313A2B7-4726-4115-8C51-496B92BB7AC9}
	EndGlobalSection
EndGlobal
